<?xml version="1.0" encoding="utf-8"?>
<Project ToolsVersion="4.0" xmlns="http://schemas.microsoft.com/developer/msbuild/2003">
  <ItemGroup>
    <Filter Include="源文件">
      <UniqueIdentifier>{4FC737F1-C7A5-4376-A066-2A32D752A2FF}</UniqueIdentifier>
      <Extensions>cpp;c;cc;cxx;c++;cppm;ixx;def;odl;idl;hpj;bat;asm;asmx</Extensions>
    </Filter>
    <Filter Include="头文件">
      <UniqueIdentifier>{93995380-89BD-4b04-88EB-625FBE52EBFB}</UniqueIdentifier>
      <Extensions>h;hh;hpp;hxx;h++;hm;inl;inc;ipp;xsd</Extensions>
    </Filter>
    <Filter Include="资源文件">
      <UniqueIdentifier>{67DA6AB6-F800-4c08-8B7A-83BB121AAD01}</UniqueIdentifier>
      <Extensions>rc;ico;cur;bmp;dlg;rc2;rct;bin;rgs;gif;jpg;jpeg;jpe;resx;tiff;tif;png;wav;mfcribbon-ms</Extensions>
    </Filter>
    <Filter Include="engine">
      <UniqueIdentifier>{a6d97383-5304-495f-bf1f-3320ab9ceb30}</UniqueIdentifier>
    </Filter>
    <Filter Include="hook">
      <UniqueIdentifier>{b8b7cd86-396d-45cc-96a7-fc51a5cb2317}</UniqueIdentifier>
    </Filter>
    <Filter Include="utils">
      <UniqueIdentifier>{c96631ff-f779-4635-a3c1-e21cf590af2d}</UniqueIdentifier>
    </Filter>
    <Filter Include="cheat">
      <UniqueIdentifier>{bb332553-bec6-4798-8634-7dfa226f193e}</UniqueIdentifier>
    </Filter>
  </ItemGroup>
  <ItemGroup>
    <ClCompile Include="dllmain.cpp">
      <Filter>源文件</Filter>
    </ClCompile>
    <ClCompile Include="utils.cpp">
      <Filter>utils</Filter>
    </ClCompile>
    <ClCompile Include="cheat.cpp">
      <Filter>cheat</Filter>
    </ClCompile>
  </ItemGroup>
  <ItemGroup>
    <ClInclude Include="global.h">
      <Filter>头文件</Filter>
    </ClInclude>
    <ClInclude Include="engine.h">
      <Filter>engine</Filter>
    </ClInclude>
    <ClInclude Include="def.h">
      <Filter>头文件</Filter>
    </ClInclude>
    <ClInclude Include="vmt.hpp">
      <Filter>hook</Filter>
    </ClInclude>
    <ClInclude Include="utils.h">
      <Filter>utils</Filter>
    </ClInclude>
    <ClInclude Include="pch.h">
      <Filter>头文件</Filter>
    </ClInclude>
    <ClInclude Include="cheat.h">
      <Filter>cheat</Filter>
    </ClInclude>
    <ClInclude Include="render.hpp">
      <Filter>cheat</Filter>
    </ClInclude>
    <ClInclude Include="sdk.hpp">
      <Filter>engine</Filter>
    </ClInclude>
  </ItemGroup>
</Project>